
Microsoft Visual Studio Solution File, Format Version 12.00
# Visual Studio Version 17
VisualStudioVersion = 17.4.33205.214
MinimumVisualStudioVersion = 10.0.40219.1
Project("{9A19103F-16F7-4668-BE54-9A1E7A4F7556}") = "BlogLab.Web", "BlogLab.Web\BlogLab.Web.csproj", "{80C7516F-9344-47F7-B3A0-A0A0C8FD78F5}"
EndProject
Project("{FAE04EC0-301F-11D3-BF4B-00C04F79EFBC}") = "BlogLab.Models", "BlogLab.Models\BlogLab.Models.csproj", "{94FD5FAE-1F6C-4759-AE58-E711DBB5B569}"
EndProject
Project("{FAE04EC0-301F-11D3-BF4B-00C04F79EFBC}") = "BlogLab.Repository", "BlogLab.Repository\BlogLab.Repository.csproj", "{35B61D06-603C-496A-9E4F-410A2EF08AAE}"
EndProject
Project("{FAE04EC0-301F-11D3-BF4B-00C04F79EFBC}") = "BlogLab.Identity", "BlogLab.Identity\BlogLab.Identity.csproj", "{10E03BC7-80A0-442F-A577-974F54B5257B}"
EndProject
Project("{FAE04EC0-301F-11D3-BF4B-00C04F79EFBC}") = "BlogLab.Services", "BlogLab.Services\BlogLab.Services.csproj", "{5A1654B5-531F-44D2-A98A-25B115969EF6}"
EndProject
Global
	GlobalSection(SolutionConfigurationPlatforms) = preSolution
		Debug|Any CPU = Debug|Any CPU
		Release|Any CPU = Release|Any CPU
	EndGlobalSection
	GlobalSection(ProjectConfigurationPlatforms) = postSolution
		{80C7516F-9344-47F7-B3A0-A0A0C8FD78F5}.Debug|Any CPU.ActiveCfg = Debug|Any CPU
		{80C7516F-9344-47F7-B3A0-A0A0C8FD78F5}.Debug|Any CPU.Build.0 = Debug|Any CPU
		{80C7516F-9344-47F7-B3A0-A0A0C8FD78F5}.Release|Any CPU.ActiveCfg = Release|Any CPU
		{80C7516F-9344-47F7-B3A0-A0A0C8FD78F5}.Release|Any CPU.Build.0 = Release|Any CPU
		{94FD5FAE-1F6C-4759-AE58-E711DBB5B569}.Debug|Any CPU.ActiveCfg = Debug|Any CPU
		{94FD5FAE-1F6C-4759-AE58-E711DBB5B569}.Debug|Any CPU.Build.0 = Debug|Any CPU
		{94FD5FAE-1F6C-4759-AE58-E711DBB5B569}.Release|Any CPU.ActiveCfg = Release|Any CPU
		{94FD5FAE-1F6C-4759-AE58-E711DBB5B569}.Release|Any CPU.Build.0 = Release|Any CPU
		{35B61D06-603C-496A-9E4F-410A2EF08AAE}.Debug|Any CPU.ActiveCfg = Debug|Any CPU
		{35B61D06-603C-496A-9E4F-410A2EF08AAE}.Debug|Any CPU.Build.0 = Debug|Any CPU
		{35B61D06-603C-496A-9E4F-410A2EF08AAE}.Release|Any CPU.ActiveCfg = Release|Any CPU
		{35B61D06-603C-496A-9E4F-410A2EF08AAE}.Release|Any CPU.Build.0 = Release|Any CPU
		{10E03BC7-80A0-442F-A577-974F54B5257B}.Debug|Any CPU.ActiveCfg = Debug|Any CPU
		{10E03BC7-80A0-442F-A577-974F54B5257B}.Debug|Any CPU.Build.0 = Debug|Any CPU
		{10E03BC7-80A0-442F-A577-974F54B5257B}.Release|Any CPU.ActiveCfg = Release|Any CPU
		{10E03BC7-80A0-442F-A577-974F54B5257B}.Release|Any CPU.Build.0 = Release|Any CPU
		{5A1654B5-531F-44D2-A98A-25B115969EF6}.Debug|Any CPU.ActiveCfg = Debug|Any CPU
		{5A1654B5-531F-44D2-A98A-25B115969EF6}.Debug|Any CPU.Build.0 = Debug|Any CPU
		{5A1654B5-531F-44D2-A98A-25B115969EF6}.Release|Any CPU.ActiveCfg = Release|Any CPU
		{5A1654B5-531F-44D2-A98A-25B115969EF6}.Release|Any CPU.Build.0 = Release|Any CPU
	EndGlobalSection
	GlobalSection(SolutionProperties) = preSolution
		HideSolutionNode = FALSE
	EndGlobalSection
	GlobalSection(ExtensibilityGlobals) = postSolution
		SolutionGuid = {8ED29162-5092-455B-BBCE-AF9D494CF0A3}
	EndGlobalSection
EndGlobal
